// !$*UTF8*$!
{
	archiveVersion = 1;
	classes = {
	};
	objectVersion = 56;
	objects = {

/* Begin PBXBuildFile section */
		57D37FCC28EAFCEE00DEE676 /* BOPISApp.swift in Sources */ = {isa = PBXBuildFile; fileRef = 57D37FCB28EAFCEE00DEE676 /* BOPISApp.swift */; };
		57D37FCE28EAFCEE00DEE676 /* ContentView.swift in Sources */ = {isa = PBXBuildFile; fileRef = 57D37FCD28EAFCEE00DEE676 /* ContentView.swift */; };
		57D37FD028EAFCEF00DEE676 /* Assets.xcassets in Resources */ = {isa = PBXBuildFile; fileRef = 57D37FCF28EAFCEF00DEE676 /* Assets.xcassets */; };
		57D37FD328EAFCEF00DEE676 /* Preview Assets.xcassets in Resources */ = {isa = PBXBuildFile; fileRef = 57D37FD228EAFCEF00DEE676 /* Preview Assets.xcassets */; };
		7437A7E928EB12FB00352915 /* Constant.swift in Sources */ = {isa = PBXBuildFile; fileRef = 7437A7E828EB12FB00352915 /* Constant.swift */; };
		7437A7EB28EB13AB00352915 /* StringExtension.swift in Sources */ = {isa = PBXBuildFile; fileRef = 7437A7EA28EB13AB00352915 /* StringExtension.swift */; };
		7437A7ED28EB13BE00352915 /* IntExtension.swift in Sources */ = {isa = PBXBuildFile; fileRef = 7437A7EC28EB13BE00352915 /* IntExtension.swift */; };
		74937D8728EBEBD700F0E79D /* SplashView.swift in Sources */ = {isa = PBXBuildFile; fileRef = 74937D8628EBEBD700F0E79D /* SplashView.swift */; };
/* End PBXBuildFile section */

/* Begin PBXFileReference section */
		57D37FC828EAFCEE00DEE676 /* BOPIS.app */ = {isa = PBXFileReference; explicitFileType = wrapper.application; includeInIndex = 0; path = BOPIS.app; sourceTree = BUILT_PRODUCTS_DIR; };
		57D37FCB28EAFCEE00DEE676 /* BOPISApp.swift */ = {isa = PBXFileReference; lastKnownFileType = sourcecode.swift; path = BOPISApp.swift; sourceTree = "<group>"; };
		57D37FCD28EAFCEE00DEE676 /* ContentView.swift */ = {isa = PBXFileReference; lastKnownFileType = sourcecode.swift; path = ContentView.swift; sourceTree = "<group>"; };
		57D37FCF28EAFCEF00DEE676 /* Assets.xcassets */ = {isa = PBXFileReference; lastKnownFileType = folder.assetcatalog; path = Assets.xcassets; sourceTree = "<group>"; };
		57D37FD228EAFCEF00DEE676 /* Preview Assets.xcassets */ = {isa = PBXFileReference; lastKnownFileType = folder.assetcatalog; path = "Preview Assets.xcassets"; sourceTree = "<group>"; };
		7437A7E828EB12FB00352915 /* Constant.swift */ = {isa = PBXFileReference; lastKnownFileType = sourcecode.swift; path = Constant.swift; sourceTree = "<group>"; };
		7437A7EA28EB13AB00352915 /* StringExtension.swift */ = {isa = PBXFileReference; lastKnownFileType = sourcecode.swift; path = StringExtension.swift; sourceTree = "<group>"; };
		7437A7EC28EB13BE00352915 /* IntExtension.swift */ = {isa = PBXFileReference; lastKnownFileType = sourcecode.swift; path = IntExtension.swift; sourceTree = "<group>"; };
		74937D8628EBEBD700F0E79D /* SplashView.swift */ = {isa = PBXFileReference; lastKnownFileType = sourcecode.swift; path = SplashView.swift; sourceTree = "<group>"; };
/* End PBXFileReference section */

/* Begin PBXFrameworksBuildPhase section */
		57D37FC528EAFCEE00DEE676 /* Frameworks */ = {
			isa = PBXFrameworksBuildPhase;
			buildActionMask = 2147483647;
			files = (
			);
			runOnlyForDeploymentPostprocessing = 0;
		};
/* End PBXFrameworksBuildPhase section */

/* Begin PBXGroup section */
		57D37FBF28EAFCEE00DEE676 = {
			isa = PBXGroup;
			children = (
				57D37FCA28EAFCEE00DEE676 /* BOPIS */,
				57D37FC928EAFCEE00DEE676 /* Products */,
			);
			sourceTree = "<group>";
		};
		57D37FC928EAFCEE00DEE676 /* Products */ = {
			isa = PBXGroup;
			children = (
				57D37FC828EAFCEE00DEE676 /* BOPIS.app */,
			);
			name = Products;
			sourceTree = "<group>";
		};
		57D37FCA28EAFCEE00DEE676 /* BOPIS */ = {
			isa = PBXGroup;
			children = (
				74937DA628EC10AE00F0E79D /* Network */,
				7437A7E528EB125B00352915 /* Extension */,
				7437A7E328EB121900352915 /* Utility */,
				74937DA428EC108600F0E79D /* Model */,
				7437A7E228EB118500352915 /* View */,
				74937DA528EC109500F0E79D /* ViewModel */,
				57D37FCB28EAFCEE00DEE676 /* BOPISApp.swift */,
				57D37FCD28EAFCEE00DEE676 /* ContentView.swift */,
				57D37FCF28EAFCEF00DEE676 /* Assets.xcassets */,
				57D37FD128EAFCEF00DEE676 /* Preview Content */,
			);
			path = BOPIS;
			sourceTree = "<group>";
		};
		57D37FD128EAFCEF00DEE676 /* Preview Content */ = {
			isa = PBXGroup;
			children = (
				57D37FD228EAFCEF00DEE676 /* Preview Assets.xcassets */,
			);
			path = "Preview Content";
			sourceTree = "<group>";
		};
		7437A7E228EB118500352915 /* View */ = {
			isa = PBXGroup;
			children = (
				74937DA828EC10F800F0E79D /* ViewControllers */,
				74937D8528EBEBB800F0E79D /* SplashScreenView */,
			);
			path = View;
			sourceTree = "<group>";
		};
		7437A7E328EB121900352915 /* Utility */ = {
			isa = PBXGroup;
			children = (
				7437A7E828EB12FB00352915 /* Constant.swift */,
			);
			path = Utility;
			sourceTree = "<group>";
		};
		7437A7E528EB125B00352915 /* Extension */ = {
			isa = PBXGroup;
			children = (
				7437A7EA28EB13AB00352915 /* StringExtension.swift */,
				7437A7EC28EB13BE00352915 /* IntExtension.swift */,
			);
			path = Extension;
			sourceTree = "<group>";
		};
		74937D8528EBEBB800F0E79D /* SplashScreenView */ = {
			isa = PBXGroup;
			children = (
				74937D8628EBEBD700F0E79D /* SplashView.swift */,
			);
			path = SplashScreenView;
			sourceTree = "<group>";
		};
		74937DA428EC108600F0E79D /* Model */ = {
			isa = PBXGroup;
			children = (
			);
			path = Model;
			sourceTree = "<group>";
		};
		74937DA528EC109500F0E79D /* ViewModel */ = {
			isa = PBXGroup;
			children = (
			);
			path = ViewModel;
			sourceTree = "<group>";
		};
		74937DA628EC10AE00F0E79D /* Network */ = {
			isa = PBXGroup;
			children = (
			);
			path = Network;
			sourceTree = "<group>";
		};
		74937DA828EC10F800F0E79D /* ViewControllers */ = {
			isa = PBXGroup;
			children = (
			);
			path = ViewControllers;
			sourceTree = "<group>";
		};
/* End PBXGroup section */

/* Begin PBXNativeTarget section */
		57D37FC728EAFCEE00DEE676 /* BOPIS */ = {
			isa = PBXNativeTarget;
			buildConfigurationList = 57D37FD628EAFCEF00DEE676 /* Build configuration list for PBXNativeTarget "BOPIS" */;
			buildPhases = (
				57D37FC428EAFCEE00DEE676 /* Sources */,
				57D37FC528EAFCEE00DEE676 /* Frameworks */,
				57D37FC628EAFCEE00DEE676 /* Resources */,
			);
			buildRules = (
			);
			dependencies = (
			);
			name = BOPIS;
			productName = BOPIS;
			productReference = 57D37FC828EAFCEE00DEE676 /* BOPIS.app */;
			productType = "com.apple.product-type.application";
		};
/* End PBXNativeTarget section */

/* Begin PBXProject section */
		57D37FC028EAFCEE00DEE676 /* Project object */ = {
			isa = PBXProject;
			attributes = {
				BuildIndependentTargetsInParallel = 1;
				LastSwiftUpdateCheck = 1400;
				LastUpgradeCheck = 1400;
				TargetAttributes = {
					57D37FC728EAFCEE00DEE676 = {
						CreatedOnToolsVersion = 14.0;
					};
				};
			};
			buildConfigurationList = 57D37FC328EAFCEE00DEE676 /* Build configuration list for PBXProject "BOPIS" */;
			compatibilityVersion = "Xcode 14.0";
			developmentRegion = en;
			hasScannedForEncodings = 0;
			knownRegions = (
				en,
				Base,
			);
			mainGroup = 57D37FBF28EAFCEE00DEE676;
			productRefGroup = 57D37FC928EAFCEE00DEE676 /* Products */;
			projectDirPath = "";
			projectRoot = "";
			targets = (
				57D37FC728EAFCEE00DEE676 /* BOPIS */,
			);
		};
/* End PBXProject section */

/* Begin PBXResourcesBuildPhase section */
		57D37FC628EAFCEE00DEE676 /* Resources */ = {
			isa = PBXResourcesBuildPhase;
			buildActionMask = 2147483647;
			files = (
				57D37FD328EAFCEF00DEE676 /* Preview Assets.xcassets in Resources */,
				57D37FD028EAFCEF00DEE676 /* Assets.xcassets in Resources */,
			);
			runOnlyForDeploymentPostprocessing = 0;
		};
/* End PBXResourcesBuildPhase section */

/* Begin PBXSourcesBuildPhase section */
		57D37FC428EAFCEE00DEE676 /* Sources */ = {
			isa = PBXSourcesBuildPhase;
			buildActionMask = 2147483647;
			files = (
				7437A7EB28EB13AB00352915 /* StringExtension.swift in Sources */,
				57D37FCE28EAFCEE00DEE676 /* ContentView.swift in Sources */,
				57D37FCC28EAFCEE00DEE676 /* BOPISApp.swift in Sources */,
				7437A7ED28EB13BE00352915 /* IntExtension.swift in Sources */,
				7437A7E928EB12FB00352915 /* Constant.swift in Sources */,
				74937D8728EBEBD700F0E79D /* SplashView.swift in Sources */,
			);
			runOnlyForDeploymentPostprocessing = 0;
		};
/* End PBXSourcesBuildPhase section */

/* Begin XCBuildConfiguration section */
		57D37FD428EAFCEF00DEE676 /* Debug */ = {
			isa = XCBuildConfiguration;
			buildSettings = {
				ALWAYS_SEARCH_USER_PATHS = NO;
				CLANG_ANALYZER_NONNULL = YES;
				CLANG_ANALYZER_NUMBER_OBJECT_CONVERSION = YES_AGGRESSIVE;
				CLANG_CXX_LANGUAGE_STANDARD = "gnu++20";
				CLANG_ENABLE_MODULES = YES;
				CLANG_ENABLE_OBJC_ARC = YES;
				CLANG_ENABLE_OBJC_WEAK = YES;
				CLANG_WARN_BLOCK_CAPTURE_AUTORELEASING = YES;
				CLANG_WARN_BOOL_CONVERSION = YES;
				CLANG_WARN_COMMA = YES;
				CLANG_WARN_CONSTANT_CONVERSION = YES;
				CLANG_WARN_DEPRECATED_OBJC_IMPLEMENTATIONS = YES;
				CLANG_WARN_DIRECT_OBJC_ISA_USAGE = YES_ERROR;
				CLANG_WARN_DOCUMENTATION_COMMENTS = YES;
				CLANG_WARN_EMPTY_BODY = YES;
				CLANG_WARN_ENUM_CONVERSION = YES;
				CLANG_WARN_INFINITE_RECURSION = YES;
				CLANG_WARN_INT_CONVERSION = YES;
				CLANG_WARN_NON_LITERAL_NULL_CONVERSION = YES;
				CLANG_WARN_OBJC_IMPLICIT_RETAIN_SELF = YES;
				CLANG_WARN_OBJC_LITERAL_CONVERSION = YES;
				CLANG_WARN_OBJC_ROOT_CLASS = YES_ERROR;
				CLANG_WARN_QUOTED_INCLUDE_IN_FRAMEWORK_HEADER = YES;
				CLANG_WARN_RANGE_LOOP_ANALYSIS = YES;
				CLANG_WARN_STRICT_PROTOTYPES = YES;
				CLANG_WARN_SUSPICIOUS_MOVE = YES;
				CLANG_WARN_UNGUARDED_AVAILABILITY = YES_AGGRESSIVE;
				CLANG_WARN_UNREACHABLE_CODE = YES;
				CLANG_WARN__DUPLICATE_METHOD_MATCH = YES;
				COPY_PHASE_STRIP = NO;
				DEBUG_INFORMATION_FORMAT = dwarf;
				ENABLE_STRICT_OBJC_MSGSEND = YES;
				ENABLE_TESTABILITY = YES;
				GCC_C_LANGUAGE_STANDARD = gnu11;
				GCC_DYNAMIC_NO_PIC = NO;
				GCC_NO_COMMON_BLOCKS = YES;
				GCC_OPTIMIZATION_LEVEL = 0;
				GCC_PREPROCESSOR_DEFINITIONS = (
					"DEBUG=1",
					"$(inherited)",
				);
				GCC_WARN_64_TO_32_BIT_CONVERSION = YES;
				GCC_WARN_ABOUT_RETURN_TYPE = YES_ERROR;
				GCC_WARN_UNDECLARED_SELECTOR = YES;
				GCC_WARN_UNINITIALIZED_AUTOS = YES_AGGRESSIVE;
				GCC_WARN_UNUSED_FUNCTION = YES;
				GCC_WARN_UNUSED_VARIABLE = YES;
				IPHONEOS_DEPLOYMENT_TARGET = 16.0;
				MTL_ENABLE_DEBUG_INFO = INCLUDE_SOURCE;
				MTL_FAST_MATH = YES;
				ONLY_ACTIVE_ARCH = YES;
				SDKROOT = iphoneos;
				SWIFT_ACTIVE_COMPILATION_CONDITIONS = DEBUG;
				SWIFT_OPTIMIZATION_LEVEL = "-Onone";
			};
			name = Debug;
		};
		57D37FD528EAFCEF00DEE676 /* Release */ = {
			isa = XCBuildConfiguration;
			buildSettings = {
				ALWAYS_SEARCH_USER_PATHS = NO;
				CLANG_ANALYZER_NONNULL = YES;
				CLANG_ANALYZER_NUMBER_OBJECT_CONVERSION = YES_AGGRESSIVE;
				CLANG_CXX_LANGUAGE_STANDARD = "gnu++20";
				CLANG_ENABLE_MODULES = YES;
				CLANG_ENABLE_OBJC_ARC = YES;
				CLANG_ENABLE_OBJC_WEAK = YES;
				CLANG_WARN_BLOCK_CAPTURE_AUTORELEASING = YES;
				CLANG_WARN_BOOL_CONVERSION = YES;
				CLANG_WARN_COMMA = YES;
				CLANG_WARN_CONSTANT_CONVERSION = YES;
				CLANG_WARN_DEPRECATED_OBJC_IMPLEMENTATIONS = YES;
				CLANG_WARN_DIRECT_OBJC_ISA_USAGE = YES_ERROR;
				CLANG_WARN_DOCUMENTATION_COMMENTS = YES;
				CLANG_WARN_EMPTY_BODY = YES;
				CLANG_WARN_ENUM_CONVERSION = YES;
				CLANG_WARN_INFINITE_RECURSION = YES;
				CLANG_WARN_INT_CONVERSION = YES;
				CLANG_WARN_NON_LITERAL_NULL_CONVERSION = YES;
				CLANG_WARN_OBJC_IMPLICIT_RETAIN_SELF = YES;
				CLANG_WARN_OBJC_LITERAL_CONVERSION = YES;
				CLANG_WARN_OBJC_ROOT_CLASS = YES_ERROR;
				CLANG_WARN_QUOTED_INCLUDE_IN_FRAMEWORK_HEADER = YES;
				CLANG_WARN_RANGE_LOOP_ANALYSIS = YES;
				CLANG_WARN_STRICT_PROTOTYPES = YES;
				CLANG_WARN_SUSPICIOUS_MOVE = YES;
				CLANG_WARN_UNGUARDED_AVAILABILITY = YES_AGGRESSIVE;
				CLANG_WARN_UNREACHABLE_CODE = YES;
				CLANG_WARN__DUPLICATE_METHOD_MATCH = YES;
				COPY_PHASE_STRIP = NO;
				DEBUG_INFORMATION_FORMAT = "dwarf-with-dsym";
				ENABLE_NS_ASSERTIONS = NO;
				ENABLE_STRICT_OBJC_MSGSEND = YES;
				GCC_C_LANGUAGE_STANDARD = gnu11;
				GCC_NO_COMMON_BLOCKS = YES;
				GCC_WARN_64_TO_32_BIT_CONVERSION = YES;
				GCC_WARN_ABOUT_RETURN_TYPE = YES_ERROR;
				GCC_WARN_UNDECLARED_SELECTOR = YES;
				GCC_WARN_UNINITIALIZED_AUTOS = YES_AGGRESSIVE;
				GCC_WARN_UNUSED_FUNCTION = YES;
				GCC_WARN_UNUSED_VARIABLE = YES;
				IPHONEOS_DEPLOYMENT_TARGET = 16.0;
				MTL_ENABLE_DEBUG_INFO = NO;
				MTL_FAST_MATH = YES;
				SDKROOT = iphoneos;
				SWIFT_COMPILATION_MODE = wholemodule;
				SWIFT_OPTIMIZATION_LEVEL = "-O";
				VALIDATE_PRODUCT = YES;
			};
			name = Release;
		};
		57D37FD728EAFCEF00DEE676 /* Debug */ = {
			isa = XCBuildConfiguration;
			buildSettings = {
				ASSETCATALOG_COMPILER_APPICON_NAME = AppIcon;
				ASSETCATALOG_COMPILER_GLOBAL_ACCENT_COLOR_NAME = AccentColor;
				CODE_SIGN_STYLE = Automatic;
				CURRENT_PROJECT_VERSION = 1;
				DEVELOPMENT_ASSET_PATHS = "\"BOPIS/Preview Content\"";
				ENABLE_PREVIEWS = YES;
				GENERATE_INFOPLIST_FILE = YES;
				INFOPLIST_KEY_UIApplicationSceneManifest_Generation = YES;
				INFOPLIST_KEY_UIApplicationSupportsIndirectInputEvents = YES;
				INFOPLIST_KEY_UILaunchScreen_Generation = YES;
				INFOPLIST_KEY_UISupportedInterfaceOrientations_iPad = "UIInterfaceOrientationPortrait UIInterfaceOrientationPortraitUpsideDown UIInterfaceOrientationLandscapeLeft UIInterfaceOrientationLandscapeRight";
				INFOPLIST_KEY_UISupportedInterfaceOrientations_iPhone = "UIInterfaceOrientationPortrait UIInterfaceOrientationLandscapeLeft UIInterfaceOrientationLandscapeRight";
				LD_RUNPATH_SEARCH_PATHS = (
					"$(inherited)",
					"@executable_path/Frameworks",
				);
				MARKETING_VERSION = 1.0;
				PRODUCT_BUNDLE_IDENTIFIER = com.globallogic.BOPIS;
				PRODUCT_NAME = "$(TARGET_NAME)";
				SWIFT_EMIT_LOC_STRINGS = YES;
				SWIFT_VERSION = 5.0;
				TARGETED_DEVICE_FAMILY = "1,2";
			};
			name = Debug;
		};
		57D37FD828EAFCEF00DEE676 /* Release */ = {
			isa = XCBuildConfiguration;
			buildSettings = {
				ASSETCATALOG_COMPILER_APPICON_NAME = AppIcon;
				ASSETCATALOG_COMPILER_GLOBAL_ACCENT_COLOR_NAME = AccentColor;
				CODE_SIGN_STYLE = Automatic;
				CURRENT_PROJECT_VERSION = 1;
				DEVELOPMENT_ASSET_PATHS = "\"BOPIS/Preview Content\"";
				ENABLE_PREVIEWS = YES;
				GENERATE_INFOPLIST_FILE = YES;
				INFOPLIST_KEY_UIApplicationSceneManifest_Generation = YES;
				INFOPLIST_KEY_UIApplicationSupportsIndirectInputEvents = YES;
				INFOPLIST_KEY_UILaunchScreen_Generation = YES;
				INFOPLIST_KEY_UISupportedInterfaceOrientations_iPad = "UIInterfaceOrientationPortrait UIInterfaceOrientationPortraitUpsideDown UIInterfaceOrientationLandscapeLeft UIInterfaceOrientationLandscapeRight";
				INFOPLIST_KEY_UISupportedInterfaceOrientations_iPhone = "UIInterfaceOrientationPortrait UIInterfaceOrientationLandscapeLeft UIInterfaceOrientationLandscapeRight";
				LD_RUNPATH_SEARCH_PATHS = (
					"$(inherited)",
					"@executable_path/Frameworks",
				);
				MARKETING_VERSION = 1.0;
				PRODUCT_BUNDLE_IDENTIFIER = com.globallogic.BOPIS;
				PRODUCT_NAME = "$(TARGET_NAME)";
				SWIFT_EMIT_LOC_STRINGS = YES;
				SWIFT_VERSION = 5.0;
				TARGETED_DEVICE_FAMILY = "1,2";
			};
			name = Release;
		};
/* End XCBuildConfiguration section */

/* Begin XCConfigurationList section */
		57D37FC328EAFCEE00DEE676 /* Build configuration list for PBXProject "BOPIS" */ = {
			isa = XCConfigurationList;
			buildConfigurations = (
				57D37FD428EAFCEF00DEE676 /* Debug */,
				57D37FD528EAFCEF00DEE676 /* Release */,
			);
			defaultConfigurationIsVisible = 0;
			defaultConfigurationName = Release;
		};
		57D37FD628EAFCEF00DEE676 /* Build configuration list for PBXNativeTarget "BOPIS" */ = {
			isa = XCConfigurationList;
			buildConfigurations = (
				57D37FD728EAFCEF00DEE676 /* Debug */,
				57D37FD828EAFCEF00DEE676 /* Release */,
			);
			defaultConfigurationIsVisible = 0;
			defaultConfigurationName = Release;
		};
/* End XCConfigurationList section */
	};
	rootObject = 57D37FC028EAFCEE00DEE676 /* Project object */;
}
